
Microsoft Visual Studio Solution File, Format Version 12.00
# Visual Studio Version 17
VisualStudioVersion = 17.5.33209.295
MinimumVisualStudioVersion = 10.0.40219.1
Project("{FAE04EC0-301F-11D3-BF4B-00C04F79EFBC}") = "IndivdualProject", "IndivdualProject\IndivdualProject.csproj", "{B4971A4B-7678-40D2-A521-00445BAC9954}"
EndProject
Global
	GlobalSection(SolutionConfigurationPlatforms) = preSolution
		Debug|Any CPU = Debug|Any CPU
		Release|Any CPU = Release|Any CPU
	EndGlobalSection
	GlobalSection(ProjectConfigurationPlatforms) = postSolution
		{B4971A4B-7678-40D2-A521-00445BAC9954}.Debug|Any CPU.ActiveCfg = Debug|Any CPU
		{B4971A4B-7678-40D2-A521-00445BAC9954}.Debug|Any CPU.Build.0 = Debug|Any CPU
		{B4971A4B-7678-40D2-A521-00445BAC9954}.Release|Any CPU.ActiveCfg = Release|Any CPU
		{B4971A4B-7678-40D2-A521-00445BAC9954}.Release|Any CPU.Build.0 = Release|Any CPU
	EndGlobalSection
	GlobalSection(SolutionProperties) = preSolution
		HideSolutionNode = FALSE
	EndGlobalSection
	GlobalSection(ExtensibilityGlobals) = postSolution
		SolutionGuid = {A2D36A90-4856-4DBA-B821-D0A0AF075566}
	EndGlobalSection
EndGlobal
